github.com/kardianos/service v1.2.4 h1:XNlGtZOYNx2u91urOdg/Kfmc+gfmuIo1Dd3rEi2OgBk=
github.com/kardianos/service v1.2.4/go.mod h1:E4V9ufUuY82F7Ztlu1eN9VXWIQxg8NoLQlmFe0MtrXc=
github.com/lionsoul2014/ip2region/binding/golang v0.0.0-20260519114956-82a73fa60d8c h1:hwEfYzJJWPUhkw/2UhIB3H7OYzRPJBpMJSJRB9bHp1g=
github.com/lionsoul2014/ip2region/binding/golang v0.0.0-20260519114956-82a73fa60d8c/go.mod h1:sj5LMpsqB4IWdwIrcmmBJM6m+rW/uOQLSGUPhKkqdh8=
github.com/osrg/gobgp/v3 v3.37.0 h1:+ObuOdvj7G7nxrT0fKFta+EAupdWf/q1WzbXydr8IOY=
github.com/osrg/gobgp/v3 v3.37.0/go.mod h1:kVHVFy1/fyZHJ8P32+ctvPeJogn9qKwa1YCeMRXXrP0=
golang.org/x/sys v0.34.0 h1:H5Y5sJ2L2JRdyv7ROF1he/lPdvFsd0mJHFw2ThKHxLA=
golang.org/x/sys v0.34.0/go.mod h1:BJP2sWEmIv4KK5OTEluFJCKSidICx8ciO85XgH3Ak8k=
gopkg.in/check.v1 v0.0.0-20161208181325-20d25e280405 h1:yhCVgyC4o1eVCa2tZl7eS0r+SDo693bJlVdllGtEeKM=
gopkg.in/check.v1 v0.0.0-20161208181325-20d25e280405/go.mod h1:Co6ibVJAznAaIkqp8huTwlJQCZ016jof/cbN4VW5Yz0=
gopkg.in/yaml.v3 v3.0.1 h1:fxVm/GzAzEWqLHuvctI91KS9hhNmmWOoWu0XTYJS7CA=
gopkg.in/yaml.v3 v3.0.1/go.mod h1:K4uyk7z7BCEPqu6E+C64Yfv1cQ7kz7rIZviUmN+EgEM=
